
Microsoft Visual Studio Solution File, Format Version 12.00
# Visual Studio Version 17
VisualStudioVersion = 17.1.32228.430
MinimumVisualStudioVersion = 10.0.40219.1
Project("{9A19103F-16F7-4668-BE54-9A1E7A4F7556}") = "Hyjinx.Tests", "src\Hyjinx.Tests\Hyjinx.Tests.csproj", "{EBB55AEA-C7D7-4DEB-BF96-FA1789E225E9}"
EndProject
Project("{9A19103F-16F7-4668-BE54-9A1E7A4F7556}") = "Hyjinx.Tests.Unicorn", "src\Hyjinx.Tests.Unicorn\Hyjinx.Tests.Unicorn.csproj", "{D8F72938-78EF-4E8C-BAFE-531C9C3C8F15}"
EndProject
Project("{9A19103F-16F7-4668-BE54-9A1E7A4F7556}") = "Hyjinx.ShaderTools", "src\Hyjinx.ShaderTools\Hyjinx.ShaderTools.csproj", "{3AB294D0-2230-468F-9EB3-BDFCAEAE99A5}"
EndProject
Project("{9A19103F-16F7-4668-BE54-9A1E7A4F7556}") = "Hyjinx.Common", "src\Hyjinx.Common\Hyjinx.Common.csproj", "{5FD4E4F6-8928-4B3C-BE07-28A675C17226}"
EndProject
Project("{9A19103F-16F7-4668-BE54-9A1E7A4F7556}") = "ARMeilleure", "src\ARMeilleure\ARMeilleure.csproj", "{ABF09A5E-2D8B-4B6F-A51D-5CE414DDB15A}"
EndProject
Project("{9A19103F-16F7-4668-BE54-9A1E7A4F7556}") = "Hyjinx.Graphics.Gpu", "src\Hyjinx.Graphics.Gpu\Hyjinx.Graphics.Gpu.csproj", "{ADA7EA87-0D63-4D97-9433-922A2124401F}"
EndProject
Project("{9A19103F-16F7-4668-BE54-9A1E7A4F7556}") = "Hyjinx.Graphics.GAL", "src\Hyjinx.Graphics.GAL\Hyjinx.Graphics.GAL.csproj", "{A602AE97-91A5-4608-8DF1-EBF4ED7A0B9E}"
EndProject
Project("{9A19103F-16F7-4668-BE54-9A1E7A4F7556}") = "Hyjinx.Graphics.OpenGL", "src\Hyjinx.Graphics.OpenGL\Hyjinx.Graphics.OpenGL.csproj", "{9558FB96-075D-4219-8FFF-401979DC0B69}"
EndProject
Project("{9A19103F-16F7-4668-BE54-9A1E7A4F7556}") = "Hyjinx.Graphics.Texture", "src\Hyjinx.Graphics.Texture\Hyjinx.Graphics.Texture.csproj", "{E1B1AD28-289D-47B7-A106-326972240207}"
EndProject
Project("{9A19103F-16F7-4668-BE54-9A1E7A4F7556}") = "Hyjinx.Graphics.Shader", "src\Hyjinx.Graphics.Shader\Hyjinx.Graphics.Shader.csproj", "{03B955CD-AD84-4B93-AAA7-BF17923BBAA5}"
EndProject
Project("{9A19103F-16F7-4668-BE54-9A1E7A4F7556}") = "Hyjinx.Graphics.Nvdec", "src\Hyjinx.Graphics.Nvdec\Hyjinx.Graphics.Nvdec.csproj", "{85A0FA56-DC01-4A42-8808-70DAC76BD66D}"
EndProject
Project("{9A19103F-16F7-4668-BE54-9A1E7A4F7556}") = "Hyjinx.Audio", "src\Hyjinx.Audio\Hyjinx.Audio.csproj", "{806ACF6D-90B0-45D0-A1AC-5F220F3B3985}"
EndProject
Project("{9A19103F-16F7-4668-BE54-9A1E7A4F7556}") = "Hyjinx.Memory", "src\Hyjinx.Memory\Hyjinx.Memory.csproj", "{A5E6C691-9E22-4263-8F40-42F002CE66BE}"
EndProject
Project("{9A19103F-16F7-4668-BE54-9A1E7A4F7556}") = "Hyjinx.Tests.Memory", "src\Hyjinx.Tests.Memory\Hyjinx.Tests.Memory.csproj", "{D1CC5322-7325-4F6B-9625-194B30BE1296}"
EndProject
Project("{9A19103F-16F7-4668-BE54-9A1E7A4F7556}") = "Hyjinx.Cpu", "src\Hyjinx.Cpu\Hyjinx.Cpu.csproj", "{3DF35E3D-D844-4399-A9A1-A9E923264C17}"
EndProject
Project("{9A19103F-16F7-4668-BE54-9A1E7A4F7556}") = "Hyjinx.Graphics.Device", "src\Hyjinx.Graphics.Device\Hyjinx.Graphics.Device.csproj", "{C3002C3C-7B09-4FE7-894A-372EDA22FC6E}"
EndProject
Project("{9A19103F-16F7-4668-BE54-9A1E7A4F7556}") = "Hyjinx.Graphics.Host1x", "src\Hyjinx.Graphics.Host1x\Hyjinx.Graphics.Host1x.csproj", "{C35F1536-7DE5-4F9D-9604-B5B4E1561947}"
EndProject
Project("{9A19103F-16F7-4668-BE54-9A1E7A4F7556}") = "Hyjinx.Graphics.Nvdec.Vp9", "src\Hyjinx.Graphics.Nvdec.Vp9\Hyjinx.Graphics.Nvdec.Vp9.csproj", "{B9AECA11-E248-4886-A10B-81B631CAAF29}"
EndProject
Project("{9A19103F-16F7-4668-BE54-9A1E7A4F7556}") = "Hyjinx.Graphics.Vic", "src\Hyjinx.Graphics.Vic\Hyjinx.Graphics.Vic.csproj", "{81BB2C11-9408-4EA3-822E-42987AF54429}"
EndProject
Project("{9A19103F-16F7-4668-BE54-9A1E7A4F7556}") = "Hyjinx.Graphics.Video", "src\Hyjinx.Graphics.Video\Hyjinx.Graphics.Video.csproj", "{FD4A2C14-8E3D-4957-ABBE-3C38897B3E2D}"
EndProject
Project("{9A19103F-16F7-4668-BE54-9A1E7A4F7556}") = "Hyjinx.Audio.Backends.OpenAL", "src\Hyjinx.Audio.Backends.OpenAL\Hyjinx.Audio.Backends.OpenAL.csproj", "{0BE11899-DF2D-4BDE-B9EE-2489E8D35E7D}"
EndProject
Project("{9A19103F-16F7-4668-BE54-9A1E7A4F7556}") = "Hyjinx.Audio.Backends.SoundIo", "src\Hyjinx.Audio.Backends.SoundIo\Hyjinx.Audio.Backends.SoundIo.csproj", "{716364DE-B988-41A6-BAB4-327964266ECC}"
EndProject
Project("{9A19103F-16F7-4668-BE54-9A1E7A4F7556}") = "Hyjinx.Input", "src\Hyjinx.Input\Hyjinx.Input.csproj", "{C16F112F-38C3-40BC-9F5F-4791112063D6}"
EndProject
Project("{9A19103F-16F7-4668-BE54-9A1E7A4F7556}") = "Hyjinx.Input.SDL2", "src\Hyjinx.Input.SDL2\Hyjinx.Input.SDL2.csproj", "{DFAB6F2D-B9BF-4AFF-B22B-7684A328EBA3}"
EndProject
Project("{9A19103F-16F7-4668-BE54-9A1E7A4F7556}") = "Hyjinx.SDL2.Common", "src\Hyjinx.SDL2.Common\Hyjinx.SDL2.Common.csproj", "{2D5D3A1D-5730-4648-B0AB-06C53CB910C0}"
EndProject
Project("{9A19103F-16F7-4668-BE54-9A1E7A4F7556}") = "Hyjinx.Audio.Backends.SDL2", "src\Hyjinx.Audio.Backends.SDL2\Hyjinx.Audio.Backends.SDL2.csproj", "{D99A395A-8569-4DB0-B336-900647890052}"
EndProject
Project("{9A19103F-16F7-4668-BE54-9A1E7A4F7556}") = "Hyjinx.Graphics.Nvdec.FFmpeg", "src\Hyjinx.Graphics.Nvdec.FFmpeg\Hyjinx.Graphics.Nvdec.FFmpeg.csproj", "{BEE1C184-C9A4-410B-8DFC-FB74D5C93AEB}"
EndProject
Project("{9A19103F-16F7-4668-BE54-9A1E7A4F7556}") = "Hyjinx", "src\Hyjinx\Hyjinx.csproj", "{7C1B2721-13DA-4B62-B046-C626605ECCE6}"
EndProject
Project("{9A19103F-16F7-4668-BE54-9A1E7A4F7556}") = "Hyjinx.UI.Common", "src\Hyjinx.UI.Common\Hyjinx.UI.Common.csproj", "{BA161CA0-CD65-4E6E-B644-51C8D1E542DC}"
EndProject
Project("{9A19103F-16F7-4668-BE54-9A1E7A4F7556}") = "Hyjinx.Horizon.Generators", "src\Hyjinx.Horizon.Generators\Hyjinx.Horizon.Generators.csproj", "{6AE2A5E8-4C5A-48B9-997B-E1455C0355C6}"
EndProject
Project("{9A19103F-16F7-4668-BE54-9A1E7A4F7556}") = "Hyjinx.Graphics.Vulkan", "src\Hyjinx.Graphics.Vulkan\Hyjinx.Graphics.Vulkan.csproj", "{D4D09B08-D580-4D69-B886-C35D2853F6C8}"
EndProject
Project("{9A19103F-16F7-4668-BE54-9A1E7A4F7556}") = "Spv.Generator", "src\Spv.Generator\Spv.Generator.csproj", "{2BCB3D7A-38C0-4FE7-8FDA-374C6AD56D0E}"
EndProject
Project("{9A19103F-16F7-4668-BE54-9A1E7A4F7556}") = "Hyjinx.UI.LocaleGenerator", "src\Hyjinx.UI.LocaleGenerator\Hyjinx.UI.LocaleGenerator.csproj", "{77D01AD9-2C98-478E-AE1D-8F7100738FB4}"
EndProject
Project("{9A19103F-16F7-4668-BE54-9A1E7A4F7556}") = "Hyjinx.Horizon", "src\Hyjinx.Horizon\Hyjinx.Horizon.csproj", "{AF34127A-3A92-43E5-8496-14960A50B1F1}"
EndProject
Project("{9A19103F-16F7-4668-BE54-9A1E7A4F7556}") = "Hyjinx.HLE.Kernel.Generators", "src\Hyjinx.HLE.Kernel.Generators\Hyjinx.HLE.Kernel.Generators.csproj", "{7F55A45D-4E1D-4A36-ADD3-87F29A285AA2}"
EndProject
Project("{9A19103F-16F7-4668-BE54-9A1E7A4F7556}") = "Hyjinx.HLE.Generators", "src\Hyjinx.HLE.Generators\Hyjinx.HLE.Generators.csproj", "{B575BCDE-2FD8-4A5D-8756-31CDD7FE81F0}"
EndProject
Project("{2150E333-8FDC-42A3-9474-1A3956D46DE8}") = "Plugins", "Plugins", "{0BA89F51-4EA2-495D-A732-FAABFE0A9725}"
EndProject
Project("{2150E333-8FDC-42A3-9474-1A3956D46DE8}") = "build", "build", "{996E745A-5BDB-432F-ADF9-2BE3F00BCB43}"
	ProjectSection(SolutionItems) = preProject
		src\.build\exe.props = src\.build\exe.props
		src\.build\common.props = src\.build\common.props
		src\.build\library.props = src\.build\library.props
		src\.build\netstandard.props = src\.build\netstandard.props
		src\.build\unittest.props = src\.build\unittest.props
	EndProjectSection
EndProject
Project("{2150E333-8FDC-42A3-9474-1A3956D46DE8}") = "Tools", "Tools", "{5C86EA50-A78D-4456-B2F9-7F6D2448EBF7}"
EndProject
Project("{2150E333-8FDC-42A3-9474-1A3956D46DE8}") = "Core", "Core", "{0533BEC5-3CB3-44CF-9948-34CE6D11015C}"
EndProject
Project("{FAE04EC0-301F-11D3-BF4B-00C04F79EFBC}") = "Hyjinx.HLE", "src\Hyjinx.HLE\Hyjinx.HLE.csproj", "{F81C3AEF-A870-4DCC-8EB6-99235F4EBB99}"
EndProject
Project("{FAE04EC0-301F-11D3-BF4B-00C04F79EFBC}") = "Hyjinx.Memory.Abstractions", "src\Hyjinx.Memory.Abstractions\Hyjinx.Memory.Abstractions.csproj", "{6BC3E1B4-0627-467A-B46E-F4B44BF00583}"
EndProject
Project("{FAE04EC0-301F-11D3-BF4B-00C04F79EFBC}") = "Hyjinx.Logging.Abstractions", "src\Hyjinx.Logging.Abstractions\Hyjinx.Logging.Abstractions.csproj", "{C3FA6DC7-C7CA-446C-804D-F98FDBDDE43B}"
EndProject
Project("{FAE04EC0-301F-11D3-BF4B-00C04F79EFBC}") = "Hyjinx.Cpu.Abstractions", "src\Hyjinx.Cpu.Abstractions\Hyjinx.Cpu.Abstractions.csproj", "{01B3E63B-FA18-4FFC-8896-C05132E1DABA}"
EndProject
Project("{FAE04EC0-301F-11D3-BF4B-00C04F79EFBC}") = "Hyjinx.Audio.Abstractions", "src\Hyjinx.Audio.Abstractions\Hyjinx.Audio.Abstractions.csproj", "{A67C70AF-18AC-4FB4-BCB4-0E8F45ECBFFA}"
EndProject
Project("{FAE04EC0-301F-11D3-BF4B-00C04F79EFBC}") = "Hyjinx.Input.Abstractions", "src\Hyjinx.Input.Abstractions\Hyjinx.Input.Abstractions.csproj", "{97B67FE1-134D-4436-85BD-5A652751168E}"
EndProject
Project("{FAE04EC0-301F-11D3-BF4B-00C04F79EFBC}") = "Hyjinx.Logging", "src\Hyjinx.Logging\Hyjinx.Logging.csproj", "{8FF33806-F88F-423E-B98E-63B363E0CB5F}"
EndProject
Project("{2150E333-8FDC-42A3-9474-1A3956D46DE8}") = ".root", ".root", "{EEB9FB42-5EF6-4135-B051-D5DC604AA6F2}"
	ProjectSection(SolutionItems) = preProject
		.editorconfig = .editorconfig
		.gitignore = .gitignore
		Directory.Packages.props = Directory.Packages.props
		nuget.config = nuget.config
		README.md = README.md
		global.json = global.json
	EndProjectSection
EndProject
Project("{FAE04EC0-301F-11D3-BF4B-00C04F79EFBC}") = "Hyjinx.LibHac", "src\Hyjinx.LibHac\Hyjinx.LibHac.csproj", "{6B0A68D2-64F0-4792-8234-E38943C58A3E}"
EndProject
Project("{FAE04EC0-301F-11D3-BF4B-00C04F79EFBC}") = "Hyjinx.LibHac.Tests", "src\Hyjinx.LibHac.Tests\Hyjinx.LibHac.Tests.csproj", "{F7EFF2C5-6358-4106-812D-B08CC4CF7771}"
EndProject
Project("{FAE04EC0-301F-11D3-BF4B-00C04F79EFBC}") = "Hyjinx.SPB", "src\Hyjinx.SPB\Hyjinx.SPB.csproj", "{B4A67875-4CBE-4286-89E8-F0D472698526}"
EndProject
Project("{FAE04EC0-301F-11D3-BF4B-00C04F79EFBC}") = "Hyjinx.Hashing", "src\Hyjinx.Hashing\Hyjinx.Hashing.csproj", "{BF61DE62-9C02-4224-B7E4-5CDD68032748}"
EndProject
Project("{2150E333-8FDC-42A3-9474-1A3956D46DE8}") = ".github", ".github", "{A8E070B8-0BBA-4D03-A579-8691B11EF072}"
	ProjectSection(SolutionItems) = preProject
		.github\csc.json = .github\csc.json
		.github\dependabot.yml = .github\dependabot.yml
		.github\labeler.yml = .github\labeler.yml
	EndProjectSection
EndProject
Project("{2150E333-8FDC-42A3-9474-1A3956D46DE8}") = "workflows", "workflows", "{B4DEE222-986E-44B6-B6F7-8FFEAE52E725}"
	ProjectSection(SolutionItems) = preProject
		.github\workflows\build.yml = .github\workflows\build.yml
		.github\workflows\checks.yml = .github\workflows\checks.yml
		.github\workflows\pr_triage.yml = .github\workflows\pr_triage.yml
	EndProjectSection
EndProject
Global
	GlobalSection(SolutionConfigurationPlatforms) = preSolution
		Debug|Any CPU = Debug|Any CPU
		Release|Any CPU = Release|Any CPU
	EndGlobalSection
	GlobalSection(ProjectConfigurationPlatforms) = postSolution
		{EBB55AEA-C7D7-4DEB-BF96-FA1789E225E9}.Debug|Any CPU.ActiveCfg = Debug|Any CPU
		{EBB55AEA-C7D7-4DEB-BF96-FA1789E225E9}.Debug|Any CPU.Build.0 = Debug|Any CPU
		{EBB55AEA-C7D7-4DEB-BF96-FA1789E225E9}.Release|Any CPU.ActiveCfg = Release|Any CPU
		{EBB55AEA-C7D7-4DEB-BF96-FA1789E225E9}.Release|Any CPU.Build.0 = Release|Any CPU
		{D8F72938-78EF-4E8C-BAFE-531C9C3C8F15}.Debug|Any CPU.ActiveCfg = Debug|Any CPU
		{D8F72938-78EF-4E8C-BAFE-531C9C3C8F15}.Debug|Any CPU.Build.0 = Debug|Any CPU
		{D8F72938-78EF-4E8C-BAFE-531C9C3C8F15}.Release|Any CPU.ActiveCfg = Release|Any CPU
		{D8F72938-78EF-4E8C-BAFE-531C9C3C8F15}.Release|Any CPU.Build.0 = Release|Any CPU
		{3AB294D0-2230-468F-9EB3-BDFCAEAE99A5}.Debug|Any CPU.ActiveCfg = Debug|Any CPU
		{3AB294D0-2230-468F-9EB3-BDFCAEAE99A5}.Debug|Any CPU.Build.0 = Debug|Any CPU
		{3AB294D0-2230-468F-9EB3-BDFCAEAE99A5}.Release|Any CPU.ActiveCfg = Release|Any CPU
		{3AB294D0-2230-468F-9EB3-BDFCAEAE99A5}.Release|Any CPU.Build.0 = Release|Any CPU
		{5FD4E4F6-8928-4B3C-BE07-28A675C17226}.Debug|Any CPU.ActiveCfg = Debug|Any CPU
		{5FD4E4F6-8928-4B3C-BE07-28A675C17226}.Debug|Any CPU.Build.0 = Debug|Any CPU
		{5FD4E4F6-8928-4B3C-BE07-28A675C17226}.Release|Any CPU.ActiveCfg = Release|Any CPU
		{5FD4E4F6-8928-4B3C-BE07-28A675C17226}.Release|Any CPU.Build.0 = Release|Any CPU
		{ABF09A5E-2D8B-4B6F-A51D-5CE414DDB15A}.Debug|Any CPU.ActiveCfg = Debug|Any CPU
		{ABF09A5E-2D8B-4B6F-A51D-5CE414DDB15A}.Debug|Any CPU.Build.0 = Debug|Any CPU
		{ABF09A5E-2D8B-4B6F-A51D-5CE414DDB15A}.Release|Any CPU.ActiveCfg = Release|Any CPU
		{ABF09A5E-2D8B-4B6F-A51D-5CE414DDB15A}.Release|Any CPU.Build.0 = Release|Any CPU
		{ADA7EA87-0D63-4D97-9433-922A2124401F}.Debug|Any CPU.ActiveCfg = Debug|Any CPU
		{ADA7EA87-0D63-4D97-9433-922A2124401F}.Debug|Any CPU.Build.0 = Debug|Any CPU
		{ADA7EA87-0D63-4D97-9433-922A2124401F}.Release|Any CPU.ActiveCfg = Release|Any CPU
		{ADA7EA87-0D63-4D97-9433-922A2124401F}.Release|Any CPU.Build.0 = Release|Any CPU
		{A602AE97-91A5-4608-8DF1-EBF4ED7A0B9E}.Debug|Any CPU.ActiveCfg = Debug|Any CPU
		{A602AE97-91A5-4608-8DF1-EBF4ED7A0B9E}.Debug|Any CPU.Build.0 = Debug|Any CPU
		{A602AE97-91A5-4608-8DF1-EBF4ED7A0B9E}.Release|Any CPU.ActiveCfg = Release|Any CPU
		{A602AE97-91A5-4608-8DF1-EBF4ED7A0B9E}.Release|Any CPU.Build.0 = Release|Any CPU
		{9558FB96-075D-4219-8FFF-401979DC0B69}.Debug|Any CPU.ActiveCfg = Debug|Any CPU
		{9558FB96-075D-4219-8FFF-401979DC0B69}.Debug|Any CPU.Build.0 = Debug|Any CPU
		{9558FB96-075D-4219-8FFF-401979DC0B69}.Release|Any CPU.ActiveCfg = Release|Any CPU
		{9558FB96-075D-4219-8FFF-401979DC0B69}.Release|Any CPU.Build.0 = Release|Any CPU
		{E1B1AD28-289D-47B7-A106-326972240207}.Debug|Any CPU.ActiveCfg = Debug|Any CPU
		{E1B1AD28-289D-47B7-A106-326972240207}.Debug|Any CPU.Build.0 = Debug|Any CPU
		{E1B1AD28-289D-47B7-A106-326972240207}.Release|Any CPU.ActiveCfg = Release|Any CPU
		{E1B1AD28-289D-47B7-A106-326972240207}.Release|Any CPU.Build.0 = Release|Any CPU
		{03B955CD-AD84-4B93-AAA7-BF17923BBAA5}.Debug|Any CPU.ActiveCfg = Debug|Any CPU
		{03B955CD-AD84-4B93-AAA7-BF17923BBAA5}.Debug|Any CPU.Build.0 = Debug|Any CPU
		{03B955CD-AD84-4B93-AAA7-BF17923BBAA5}.Release|Any CPU.ActiveCfg = Release|Any CPU
		{03B955CD-AD84-4B93-AAA7-BF17923BBAA5}.Release|Any CPU.Build.0 = Release|Any CPU
		{85A0FA56-DC01-4A42-8808-70DAC76BD66D}.Debug|Any CPU.ActiveCfg = Debug|Any CPU
		{85A0FA56-DC01-4A42-8808-70DAC76BD66D}.Debug|Any CPU.Build.0 = Debug|Any CPU
		{85A0FA56-DC01-4A42-8808-70DAC76BD66D}.Release|Any CPU.ActiveCfg = Release|Any CPU
		{85A0FA56-DC01-4A42-8808-70DAC76BD66D}.Release|Any CPU.Build.0 = Release|Any CPU
		{806ACF6D-90B0-45D0-A1AC-5F220F3B3985}.Debug|Any CPU.ActiveCfg = Debug|Any CPU
		{806ACF6D-90B0-45D0-A1AC-5F220F3B3985}.Debug|Any CPU.Build.0 = Debug|Any CPU
		{806ACF6D-90B0-45D0-A1AC-5F220F3B3985}.Release|Any CPU.ActiveCfg = Release|Any CPU
		{806ACF6D-90B0-45D0-A1AC-5F220F3B3985}.Release|Any CPU.Build.0 = Release|Any CPU
		{A5E6C691-9E22-4263-8F40-42F002CE66BE}.Debug|Any CPU.ActiveCfg = Debug|Any CPU
		{A5E6C691-9E22-4263-8F40-42F002CE66BE}.Debug|Any CPU.Build.0 = Debug|Any CPU
		{A5E6C691-9E22-4263-8F40-42F002CE66BE}.Release|Any CPU.ActiveCfg = Release|Any CPU
		{A5E6C691-9E22-4263-8F40-42F002CE66BE}.Release|Any CPU.Build.0 = Release|Any CPU
		{D1CC5322-7325-4F6B-9625-194B30BE1296}.Debug|Any CPU.ActiveCfg = Debug|Any CPU
		{D1CC5322-7325-4F6B-9625-194B30BE1296}.Debug|Any CPU.Build.0 = Debug|Any CPU
		{D1CC5322-7325-4F6B-9625-194B30BE1296}.Release|Any CPU.ActiveCfg = Release|Any CPU
		{D1CC5322-7325-4F6B-9625-194B30BE1296}.Release|Any CPU.Build.0 = Release|Any CPU
		{3DF35E3D-D844-4399-A9A1-A9E923264C17}.Debug|Any CPU.ActiveCfg = Debug|Any CPU
		{3DF35E3D-D844-4399-A9A1-A9E923264C17}.Debug|Any CPU.Build.0 = Debug|Any CPU
		{3DF35E3D-D844-4399-A9A1-A9E923264C17}.Release|Any CPU.ActiveCfg = Release|Any CPU
		{3DF35E3D-D844-4399-A9A1-A9E923264C17}.Release|Any CPU.Build.0 = Release|Any CPU
		{C3002C3C-7B09-4FE7-894A-372EDA22FC6E}.Debug|Any CPU.ActiveCfg = Debug|Any CPU
		{C3002C3C-7B09-4FE7-894A-372EDA22FC6E}.Debug|Any CPU.Build.0 = Debug|Any CPU
		{C3002C3C-7B09-4FE7-894A-372EDA22FC6E}.Release|Any CPU.ActiveCfg = Release|Any CPU
		{C3002C3C-7B09-4FE7-894A-372EDA22FC6E}.Release|Any CPU.Build.0 = Release|Any CPU
		{C35F1536-7DE5-4F9D-9604-B5B4E1561947}.Debug|Any CPU.ActiveCfg = Debug|Any CPU
		{C35F1536-7DE5-4F9D-9604-B5B4E1561947}.Debug|Any CPU.Build.0 = Debug|Any CPU
		{C35F1536-7DE5-4F9D-9604-B5B4E1561947}.Release|Any CPU.ActiveCfg = Release|Any CPU
		{C35F1536-7DE5-4F9D-9604-B5B4E1561947}.Release|Any CPU.Build.0 = Release|Any CPU
		{B9AECA11-E248-4886-A10B-81B631CAAF29}.Debug|Any CPU.ActiveCfg = Debug|Any CPU
		{B9AECA11-E248-4886-A10B-81B631CAAF29}.Debug|Any CPU.Build.0 = Debug|Any CPU
		{B9AECA11-E248-4886-A10B-81B631CAAF29}.Release|Any CPU.ActiveCfg = Release|Any CPU
		{B9AECA11-E248-4886-A10B-81B631CAAF29}.Release|Any CPU.Build.0 = Release|Any CPU
		{81BB2C11-9408-4EA3-822E-42987AF54429}.Debug|Any CPU.ActiveCfg = Debug|Any CPU
		{81BB2C11-9408-4EA3-822E-42987AF54429}.Debug|Any CPU.Build.0 = Debug|Any CPU
		{81BB2C11-9408-4EA3-822E-42987AF54429}.Release|Any CPU.ActiveCfg = Release|Any CPU
		{81BB2C11-9408-4EA3-822E-42987AF54429}.Release|Any CPU.Build.0 = Release|Any CPU
		{FD4A2C14-8E3D-4957-ABBE-3C38897B3E2D}.Debug|Any CPU.ActiveCfg = Debug|Any CPU
		{FD4A2C14-8E3D-4957-ABBE-3C38897B3E2D}.Debug|Any CPU.Build.0 = Debug|Any CPU
		{FD4A2C14-8E3D-4957-ABBE-3C38897B3E2D}.Release|Any CPU.ActiveCfg = Release|Any CPU
		{FD4A2C14-8E3D-4957-ABBE-3C38897B3E2D}.Release|Any CPU.Build.0 = Release|Any CPU
		{0BE11899-DF2D-4BDE-B9EE-2489E8D35E7D}.Debug|Any CPU.ActiveCfg = Debug|Any CPU
		{0BE11899-DF2D-4BDE-B9EE-2489E8D35E7D}.Debug|Any CPU.Build.0 = Debug|Any CPU
		{0BE11899-DF2D-4BDE-B9EE-2489E8D35E7D}.Release|Any CPU.ActiveCfg = Release|Any CPU
		{0BE11899-DF2D-4BDE-B9EE-2489E8D35E7D}.Release|Any CPU.Build.0 = Release|Any CPU
		{716364DE-B988-41A6-BAB4-327964266ECC}.Debug|Any CPU.ActiveCfg = Debug|Any CPU
		{716364DE-B988-41A6-BAB4-327964266ECC}.Debug|Any CPU.Build.0 = Debug|Any CPU
		{716364DE-B988-41A6-BAB4-327964266ECC}.Release|Any CPU.ActiveCfg = Release|Any CPU
		{716364DE-B988-41A6-BAB4-327964266ECC}.Release|Any CPU.Build.0 = Release|Any CPU
		{C16F112F-38C3-40BC-9F5F-4791112063D6}.Debug|Any CPU.ActiveCfg = Debug|Any CPU
		{C16F112F-38C3-40BC-9F5F-4791112063D6}.Debug|Any CPU.Build.0 = Debug|Any CPU
		{C16F112F-38C3-40BC-9F5F-4791112063D6}.Release|Any CPU.ActiveCfg = Release|Any CPU
		{C16F112F-38C3-40BC-9F5F-4791112063D6}.Release|Any CPU.Build.0 = Release|Any CPU
		{DFAB6F2D-B9BF-4AFF-B22B-7684A328EBA3}.Debug|Any CPU.ActiveCfg = Debug|Any CPU
		{DFAB6F2D-B9BF-4AFF-B22B-7684A328EBA3}.Debug|Any CPU.Build.0 = Debug|Any CPU
		{DFAB6F2D-B9BF-4AFF-B22B-7684A328EBA3}.Release|Any CPU.ActiveCfg = Release|Any CPU
		{DFAB6F2D-B9BF-4AFF-B22B-7684A328EBA3}.Release|Any CPU.Build.0 = Release|Any CPU
		{2D5D3A1D-5730-4648-B0AB-06C53CB910C0}.Debug|Any CPU.ActiveCfg = Debug|Any CPU
		{2D5D3A1D-5730-4648-B0AB-06C53CB910C0}.Debug|Any CPU.Build.0 = Debug|Any CPU
		{2D5D3A1D-5730-4648-B0AB-06C53CB910C0}.Release|Any CPU.ActiveCfg = Release|Any CPU
		{2D5D3A1D-5730-4648-B0AB-06C53CB910C0}.Release|Any CPU.Build.0 = Release|Any CPU
		{D99A395A-8569-4DB0-B336-900647890052}.Debug|Any CPU.ActiveCfg = Debug|Any CPU
		{D99A395A-8569-4DB0-B336-900647890052}.Debug|Any CPU.Build.0 = Debug|Any CPU
		{D99A395A-8569-4DB0-B336-900647890052}.Release|Any CPU.ActiveCfg = Release|Any CPU
		{D99A395A-8569-4DB0-B336-900647890052}.Release|Any CPU.Build.0 = Release|Any CPU
		{BEE1C184-C9A4-410B-8DFC-FB74D5C93AEB}.Debug|Any CPU.ActiveCfg = Debug|Any CPU
		{BEE1C184-C9A4-410B-8DFC-FB74D5C93AEB}.Debug|Any CPU.Build.0 = Debug|Any CPU
		{BEE1C184-C9A4-410B-8DFC-FB74D5C93AEB}.Release|Any CPU.ActiveCfg = Release|Any CPU
		{BEE1C184-C9A4-410B-8DFC-FB74D5C93AEB}.Release|Any CPU.Build.0 = Release|Any CPU
		{7C1B2721-13DA-4B62-B046-C626605ECCE6}.Debug|Any CPU.ActiveCfg = Debug|Any CPU
		{7C1B2721-13DA-4B62-B046-C626605ECCE6}.Debug|Any CPU.Build.0 = Debug|Any CPU
		{7C1B2721-13DA-4B62-B046-C626605ECCE6}.Release|Any CPU.ActiveCfg = Release|Any CPU
		{7C1B2721-13DA-4B62-B046-C626605ECCE6}.Release|Any CPU.Build.0 = Release|Any CPU
		{BA161CA0-CD65-4E6E-B644-51C8D1E542DC}.Debug|Any CPU.ActiveCfg = Debug|Any CPU
		{BA161CA0-CD65-4E6E-B644-51C8D1E542DC}.Debug|Any CPU.Build.0 = Debug|Any CPU
		{BA161CA0-CD65-4E6E-B644-51C8D1E542DC}.Release|Any CPU.ActiveCfg = Release|Any CPU
		{BA161CA0-CD65-4E6E-B644-51C8D1E542DC}.Release|Any CPU.Build.0 = Release|Any CPU
		{6AE2A5E8-4C5A-48B9-997B-E1455C0355C6}.Debug|Any CPU.ActiveCfg = Debug|Any CPU
		{6AE2A5E8-4C5A-48B9-997B-E1455C0355C6}.Debug|Any CPU.Build.0 = Debug|Any CPU
		{6AE2A5E8-4C5A-48B9-997B-E1455C0355C6}.Release|Any CPU.ActiveCfg = Release|Any CPU
		{6AE2A5E8-4C5A-48B9-997B-E1455C0355C6}.Release|Any CPU.Build.0 = Release|Any CPU
		{D4D09B08-D580-4D69-B886-C35D2853F6C8}.Debug|Any CPU.ActiveCfg = Debug|Any CPU
		{D4D09B08-D580-4D69-B886-C35D2853F6C8}.Debug|Any CPU.Build.0 = Debug|Any CPU
		{D4D09B08-D580-4D69-B886-C35D2853F6C8}.Release|Any CPU.ActiveCfg = Release|Any CPU
		{D4D09B08-D580-4D69-B886-C35D2853F6C8}.Release|Any CPU.Build.0 = Release|Any CPU
		{2BCB3D7A-38C0-4FE7-8FDA-374C6AD56D0E}.Debug|Any CPU.ActiveCfg = Debug|Any CPU
		{2BCB3D7A-38C0-4FE7-8FDA-374C6AD56D0E}.Debug|Any CPU.Build.0 = Debug|Any CPU
		{2BCB3D7A-38C0-4FE7-8FDA-374C6AD56D0E}.Release|Any CPU.ActiveCfg = Release|Any CPU
		{2BCB3D7A-38C0-4FE7-8FDA-374C6AD56D0E}.Release|Any CPU.Build.0 = Release|Any CPU
		{77D01AD9-2C98-478E-AE1D-8F7100738FB4}.Debug|Any CPU.ActiveCfg = Debug|Any CPU
		{77D01AD9-2C98-478E-AE1D-8F7100738FB4}.Debug|Any CPU.Build.0 = Debug|Any CPU
		{77D01AD9-2C98-478E-AE1D-8F7100738FB4}.Release|Any CPU.ActiveCfg = Release|Any CPU
		{77D01AD9-2C98-478E-AE1D-8F7100738FB4}.Release|Any CPU.Build.0 = Release|Any CPU
		{AF34127A-3A92-43E5-8496-14960A50B1F1}.Debug|Any CPU.ActiveCfg = Debug|Any CPU
		{AF34127A-3A92-43E5-8496-14960A50B1F1}.Debug|Any CPU.Build.0 = Debug|Any CPU
		{AF34127A-3A92-43E5-8496-14960A50B1F1}.Release|Any CPU.ActiveCfg = Release|Any CPU
		{AF34127A-3A92-43E5-8496-14960A50B1F1}.Release|Any CPU.Build.0 = Release|Any CPU
		{7F55A45D-4E1D-4A36-ADD3-87F29A285AA2}.Debug|Any CPU.ActiveCfg = Debug|Any CPU
		{7F55A45D-4E1D-4A36-ADD3-87F29A285AA2}.Debug|Any CPU.Build.0 = Debug|Any CPU
		{7F55A45D-4E1D-4A36-ADD3-87F29A285AA2}.Release|Any CPU.ActiveCfg = Release|Any CPU
		{7F55A45D-4E1D-4A36-ADD3-87F29A285AA2}.Release|Any CPU.Build.0 = Release|Any CPU
		{B575BCDE-2FD8-4A5D-8756-31CDD7FE81F0}.Debug|Any CPU.ActiveCfg = Debug|Any CPU
		{B575BCDE-2FD8-4A5D-8756-31CDD7FE81F0}.Debug|Any CPU.Build.0 = Debug|Any CPU
		{B575BCDE-2FD8-4A5D-8756-31CDD7FE81F0}.Release|Any CPU.ActiveCfg = Release|Any CPU
		{B575BCDE-2FD8-4A5D-8756-31CDD7FE81F0}.Release|Any CPU.Build.0 = Release|Any CPU
		{F81C3AEF-A870-4DCC-8EB6-99235F4EBB99}.Debug|Any CPU.ActiveCfg = Debug|Any CPU
		{F81C3AEF-A870-4DCC-8EB6-99235F4EBB99}.Debug|Any CPU.Build.0 = Debug|Any CPU
		{F81C3AEF-A870-4DCC-8EB6-99235F4EBB99}.Release|Any CPU.ActiveCfg = Release|Any CPU
		{F81C3AEF-A870-4DCC-8EB6-99235F4EBB99}.Release|Any CPU.Build.0 = Release|Any CPU
		{6BC3E1B4-0627-467A-B46E-F4B44BF00583}.Debug|Any CPU.ActiveCfg = Debug|Any CPU
		{6BC3E1B4-0627-467A-B46E-F4B44BF00583}.Debug|Any CPU.Build.0 = Debug|Any CPU
		{6BC3E1B4-0627-467A-B46E-F4B44BF00583}.Release|Any CPU.ActiveCfg = Release|Any CPU
		{6BC3E1B4-0627-467A-B46E-F4B44BF00583}.Release|Any CPU.Build.0 = Release|Any CPU
		{C3FA6DC7-C7CA-446C-804D-F98FDBDDE43B}.Debug|Any CPU.ActiveCfg = Debug|Any CPU
		{C3FA6DC7-C7CA-446C-804D-F98FDBDDE43B}.Debug|Any CPU.Build.0 = Debug|Any CPU
		{C3FA6DC7-C7CA-446C-804D-F98FDBDDE43B}.Release|Any CPU.ActiveCfg = Release|Any CPU
		{C3FA6DC7-C7CA-446C-804D-F98FDBDDE43B}.Release|Any CPU.Build.0 = Release|Any CPU
		{01B3E63B-FA18-4FFC-8896-C05132E1DABA}.Debug|Any CPU.ActiveCfg = Debug|Any CPU
		{01B3E63B-FA18-4FFC-8896-C05132E1DABA}.Debug|Any CPU.Build.0 = Debug|Any CPU
		{01B3E63B-FA18-4FFC-8896-C05132E1DABA}.Release|Any CPU.ActiveCfg = Release|Any CPU
		{01B3E63B-FA18-4FFC-8896-C05132E1DABA}.Release|Any CPU.Build.0 = Release|Any CPU
		{A67C70AF-18AC-4FB4-BCB4-0E8F45ECBFFA}.Debug|Any CPU.ActiveCfg = Debug|Any CPU
		{A67C70AF-18AC-4FB4-BCB4-0E8F45ECBFFA}.Debug|Any CPU.Build.0 = Debug|Any CPU
		{A67C70AF-18AC-4FB4-BCB4-0E8F45ECBFFA}.Release|Any CPU.ActiveCfg = Release|Any CPU
		{A67C70AF-18AC-4FB4-BCB4-0E8F45ECBFFA}.Release|Any CPU.Build.0 = Release|Any CPU
		{97B67FE1-134D-4436-85BD-5A652751168E}.Debug|Any CPU.ActiveCfg = Debug|Any CPU
		{97B67FE1-134D-4436-85BD-5A652751168E}.Debug|Any CPU.Build.0 = Debug|Any CPU
		{97B67FE1-134D-4436-85BD-5A652751168E}.Release|Any CPU.ActiveCfg = Release|Any CPU
		{97B67FE1-134D-4436-85BD-5A652751168E}.Release|Any CPU.Build.0 = Release|Any CPU
		{8FF33806-F88F-423E-B98E-63B363E0CB5F}.Debug|Any CPU.ActiveCfg = Debug|Any CPU
		{8FF33806-F88F-423E-B98E-63B363E0CB5F}.Debug|Any CPU.Build.0 = Debug|Any CPU
		{8FF33806-F88F-423E-B98E-63B363E0CB5F}.Release|Any CPU.ActiveCfg = Release|Any CPU
		{8FF33806-F88F-423E-B98E-63B363E0CB5F}.Release|Any CPU.Build.0 = Release|Any CPU
		{6B0A68D2-64F0-4792-8234-E38943C58A3E}.Debug|Any CPU.ActiveCfg = Debug|Any CPU
		{6B0A68D2-64F0-4792-8234-E38943C58A3E}.Debug|Any CPU.Build.0 = Debug|Any CPU
		{6B0A68D2-64F0-4792-8234-E38943C58A3E}.Release|Any CPU.ActiveCfg = Release|Any CPU
		{6B0A68D2-64F0-4792-8234-E38943C58A3E}.Release|Any CPU.Build.0 = Release|Any CPU
		{F7EFF2C5-6358-4106-812D-B08CC4CF7771}.Debug|Any CPU.ActiveCfg = Debug|Any CPU
		{F7EFF2C5-6358-4106-812D-B08CC4CF7771}.Debug|Any CPU.Build.0 = Debug|Any CPU
		{F7EFF2C5-6358-4106-812D-B08CC4CF7771}.Release|Any CPU.ActiveCfg = Release|Any CPU
		{F7EFF2C5-6358-4106-812D-B08CC4CF7771}.Release|Any CPU.Build.0 = Release|Any CPU
		{B4A67875-4CBE-4286-89E8-F0D472698526}.Debug|Any CPU.ActiveCfg = Debug|Any CPU
		{B4A67875-4CBE-4286-89E8-F0D472698526}.Debug|Any CPU.Build.0 = Debug|Any CPU
		{B4A67875-4CBE-4286-89E8-F0D472698526}.Release|Any CPU.ActiveCfg = Release|Any CPU
		{B4A67875-4CBE-4286-89E8-F0D472698526}.Release|Any CPU.Build.0 = Release|Any CPU
		{BF61DE62-9C02-4224-B7E4-5CDD68032748}.Debug|Any CPU.ActiveCfg = Debug|Any CPU
		{BF61DE62-9C02-4224-B7E4-5CDD68032748}.Debug|Any CPU.Build.0 = Debug|Any CPU
		{BF61DE62-9C02-4224-B7E4-5CDD68032748}.Release|Any CPU.ActiveCfg = Release|Any CPU
		{BF61DE62-9C02-4224-B7E4-5CDD68032748}.Release|Any CPU.Build.0 = Release|Any CPU
	EndGlobalSection
	GlobalSection(SolutionProperties) = preSolution
		HideSolutionNode = FALSE
	EndGlobalSection
	GlobalSection(ExtensibilityGlobals) = postSolution
		SolutionGuid = {110169B3-3328-4730-8AB0-BA05BEF75C1A}
	EndGlobalSection
	GlobalSection(NestedProjects) = preSolution
		{A602AE97-91A5-4608-8DF1-EBF4ED7A0B9E} = {0BA89F51-4EA2-495D-A732-FAABFE0A9725}
		{ADA7EA87-0D63-4D97-9433-922A2124401F} = {0BA89F51-4EA2-495D-A732-FAABFE0A9725}
		{C35F1536-7DE5-4F9D-9604-B5B4E1561947} = {0BA89F51-4EA2-495D-A732-FAABFE0A9725}
		{85A0FA56-DC01-4A42-8808-70DAC76BD66D} = {0BA89F51-4EA2-495D-A732-FAABFE0A9725}
		{BEE1C184-C9A4-410B-8DFC-FB74D5C93AEB} = {0BA89F51-4EA2-495D-A732-FAABFE0A9725}
		{B9AECA11-E248-4886-A10B-81B631CAAF29} = {0BA89F51-4EA2-495D-A732-FAABFE0A9725}
		{9558FB96-075D-4219-8FFF-401979DC0B69} = {0BA89F51-4EA2-495D-A732-FAABFE0A9725}
		{03B955CD-AD84-4B93-AAA7-BF17923BBAA5} = {0BA89F51-4EA2-495D-A732-FAABFE0A9725}
		{81BB2C11-9408-4EA3-822E-42987AF54429} = {0BA89F51-4EA2-495D-A732-FAABFE0A9725}
		{FD4A2C14-8E3D-4957-ABBE-3C38897B3E2D} = {0BA89F51-4EA2-495D-A732-FAABFE0A9725}
		{D4D09B08-D580-4D69-B886-C35D2853F6C8} = {0BA89F51-4EA2-495D-A732-FAABFE0A9725}
		{0BE11899-DF2D-4BDE-B9EE-2489E8D35E7D} = {0BA89F51-4EA2-495D-A732-FAABFE0A9725}
		{D99A395A-8569-4DB0-B336-900647890052} = {0BA89F51-4EA2-495D-A732-FAABFE0A9725}
		{716364DE-B988-41A6-BAB4-327964266ECC} = {0BA89F51-4EA2-495D-A732-FAABFE0A9725}
		{3AB294D0-2230-468F-9EB3-BDFCAEAE99A5} = {5C86EA50-A78D-4456-B2F9-7F6D2448EBF7}
		{C3002C3C-7B09-4FE7-894A-372EDA22FC6E} = {0BA89F51-4EA2-495D-A732-FAABFE0A9725}
		{E1B1AD28-289D-47B7-A106-326972240207} = {0BA89F51-4EA2-495D-A732-FAABFE0A9725}
		{2BCB3D7A-38C0-4FE7-8FDA-374C6AD56D0E} = {0BA89F51-4EA2-495D-A732-FAABFE0A9725}
		{DFAB6F2D-B9BF-4AFF-B22B-7684A328EBA3} = {0BA89F51-4EA2-495D-A732-FAABFE0A9725}
		{2D5D3A1D-5730-4648-B0AB-06C53CB910C0} = {0BA89F51-4EA2-495D-A732-FAABFE0A9725}
		{6BC3E1B4-0627-467A-B46E-F4B44BF00583} = {0533BEC5-3CB3-44CF-9948-34CE6D11015C}
		{C3FA6DC7-C7CA-446C-804D-F98FDBDDE43B} = {0533BEC5-3CB3-44CF-9948-34CE6D11015C}
		{01B3E63B-FA18-4FFC-8896-C05132E1DABA} = {0533BEC5-3CB3-44CF-9948-34CE6D11015C}
		{A67C70AF-18AC-4FB4-BCB4-0E8F45ECBFFA} = {0533BEC5-3CB3-44CF-9948-34CE6D11015C}
		{97B67FE1-134D-4436-85BD-5A652751168E} = {0533BEC5-3CB3-44CF-9948-34CE6D11015C}
		{996E745A-5BDB-432F-ADF9-2BE3F00BCB43} = {EEB9FB42-5EF6-4135-B051-D5DC604AA6F2}
		{B4DEE222-986E-44B6-B6F7-8FFEAE52E725} = {A8E070B8-0BBA-4D03-A579-8691B11EF072}
	EndGlobalSection
EndGlobal
